
Microsoft Visual Studio Solution File, Format Version 12.00
# Visual Studio 15
VisualStudioVersion = 15.0.26730.16
MinimumVisualStudioVersion = 10.0.40219.1
Project("{FAE04EC0-301F-11D3-BF4B-00C04F79EFBC}") = "ANS", "ANS\ANS.csproj", "{405F9A07-FA84-4935-AD87-6DABB10BE752}"
EndProject
Global
	GlobalSection(SolutionConfigurationPlatforms) = preSolution
		Debug|x64 = Debug|x64
		Debug|x86 = Debug|x86
		Release|x64 = Release|x64
		Release|x86 = Release|x86
	EndGlobalSection
	GlobalSection(ProjectConfigurationPlatforms) = postSolution
		{405F9A07-FA84-4935-AD87-6DABB10BE752}.Debug|x64.ActiveCfg = Debug|x64
		{405F9A07-FA84-4935-AD87-6DABB10BE752}.Debug|x64.Build.0 = Debug|x64
		{405F9A07-FA84-4935-AD87-6DABB10BE752}.Debug|x86.ActiveCfg = Debug|x86
		{405F9A07-FA84-4935-AD87-6DABB10BE752}.Debug|x86.Build.0 = Debug|x86
		{405F9A07-FA84-4935-AD87-6DABB10BE752}.Release|x64.ActiveCfg = Release|x64
		{405F9A07-FA84-4935-AD87-6DABB10BE752}.Release|x64.Build.0 = Release|x64
		{405F9A07-FA84-4935-AD87-6DABB10BE752}.Release|x86.ActiveCfg = Release|x86
		{405F9A07-FA84-4935-AD87-6DABB10BE752}.Release|x86.Build.0 = Release|x86
	EndGlobalSection
	GlobalSection(SolutionProperties) = preSolution
		HideSolutionNode = FALSE
	EndGlobalSection
	GlobalSection(ExtensibilityGlobals) = postSolution
		SolutionGuid = {D47D32F6-4136-47E3-A1CF-EC411266E760}
	EndGlobalSection
EndGlobal
